// !$*UTF8*$!
{
	archiveVersion = 1;
	classes = {
	};
	objectVersion = 46;
	objects = {

/* Begin PBXBuildFile section */
		F03DE64D1E1E23520022C68C /* main.m in Sources */ = {isa = PBXBuildFile; fileRef = F03DE64C1E1E23520022C68C /* main.m */; };
		F03DE6501E1E23520022C68C /* AppDelegate.m in Sources */ = {isa = PBXBuildFile; fileRef = F03DE64F1E1E23520022C68C /* AppDelegate.m */; };
		F03DE6531E1E23520022C68C /* ViewController.m in Sources */ = {isa = PBXBuildFile; fileRef = F03DE6521E1E23520022C68C /* ViewController.m */; };
		F03DE6561E1E23520022C68C /* Main.storyboard in Resources */ = {isa = PBXBuildFile; fileRef = F03DE6541E1E23520022C68C /* Main.storyboard */; };
		F03DE6581E1E23520022C68C /* Assets.xcassets in Resources */ = {isa = PBXBuildFile; fileRef = F03DE6571E1E23520022C68C /* Assets.xcassets */; };
		F03DE65B1E1E23520022C68C /* LaunchScreen.storyboard in Resources */ = {isa = PBXBuildFile; fileRef = F03DE6591E1E23520022C68C /* LaunchScreen.storyboard */; };
/* End PBXBuildFile section */

/* Begin PBXFileReference section */
		F03DE6481E1E23520022C68C /* oneTTT.app */ = {isa = PBXFileReference; explicitFileType = wrapper.application; includeInIndex = 0; path = oneTTT.app; sourceTree = BUILT_PRODUCTS_DIR; };
		F03DE64C1E1E23520022C68C /* main.m */ = {isa = PBXFileReference; lastKnownFileType = sourcecode.c.objc; path = main.m; sourceTree = "<group>"; };
		F03DE64E1E1E23520022C68C /* AppDelegate.h */ = {isa = PBXFileReference; lastKnownFileType = sourcecode.c.h; path = AppDelegate.h; sourceTree = "<group>"; };
		F03DE64F1E1E23520022C68C /* AppDelegate.m */ = {isa = PBXFileReference; lastKnownFileType = sourcecode.c.objc; path = AppDelegate.m; sourceTree = "<group>"; };
		F03DE6511E1E23520022C68C /* ViewController.h */ = {isa = PBXFileReference; lastKnownFileType = sourcecode.c.h; path = ViewController.h; sourceTree = "<group>"; };
		F03DE6521E1E23520022C68C /* ViewController.m */ = {isa = PBXFileReference; lastKnownFileType = sourcecode.c.objc; path = ViewController.m; sourceTree = "<group>"; };
		F03DE6551E1E23520022C68C /* Base */ = {isa = PBXFileReference; lastKnownFileType = file.storyboard; name = Base; path = Base.lproj/Main.storyboard; sourceTree = "<group>"; };
		F03DE6571E1E23520022C68C /* Assets.xcassets */ = {isa = PBXFileReference; lastKnownFileType = folder.assetcatalog; path = Assets.xcassets; sourceTree = "<group>"; };
		F03DE65A1E1E23520022C68C /* Base */ = {isa = PBXFileReference; lastKnownFileType = file.storyboard; name = Base; path = Base.lproj/LaunchScreen.storyboard; sourceTree = "<group>"; };
		F03DE65C1E1E23520022C68C /* Info.plist */ = {isa = PBXFileReference; lastKnownFileType = text.plist.xml; path = Info.plist; sourceTree = "<group>"; };
/* End PBXFileReference section */

/* Begin PBXFrameworksBuildPhase section */
		F03DE6451E1E23520022C68C /* Frameworks */ = {
			isa = PBXFrameworksBuildPhase;
			buildActionMask = 2147483647;
			files = (
			);
			runOnlyForDeploymentPostprocessing = 0;
		};
/* End PBXFrameworksBuildPhase section */

/* Begin PBXGroup section */
		F03DE63F1E1E23520022C68C = {
			isa = PBXGroup;
			children = (
				F03DE64A1E1E23520022C68C /* oneTTT */,
				F03DE6491E1E23520022C68C /* Products */,
			);
			sourceTree = "<group>";
		};
		F03DE6491E1E23520022C68C /* Products */ = {
			isa = PBXGroup;
			children = (
				F03DE6481E1E23520022C68C /* oneTTT.app */,
			);
			name = Products;
			sourceTree = "<group>";
		};
		F03DE64A1E1E23520022C68C /* oneTTT */ = {
			isa = PBXGroup;
			children = (
				F03DE64E1E1E23520022C68C /* AppDelegate.h */,
				F03DE64F1E1E23520022C68C /* AppDelegate.m */,
				F03DE6511E1E23520022C68C /* ViewController.h */,
				F03DE6521E1E23520022C68C /* ViewController.m */,
				F03DE6541E1E23520022C68C /* Main.storyboard */,
				F03DE6571E1E23520022C68C /* Assets.xcassets */,
				F03DE6591E1E23520022C68C /* LaunchScreen.storyboard */,
				F03DE65C1E1E23520022C68C /* Info.plist */,
				F03DE64B1E1E23520022C68C /* Supporting Files */,
			);
			path = oneTTT;
			sourceTree = "<group>";
		};
		F03DE64B1E1E23520022C68C /* Supporting Files */ = {
			isa = PBXGroup;
			children = (
				F03DE64C1E1E23520022C68C /* main.m */,
			);
			name = "Supporting Files";
			sourceTree = "<group>";
		};
/* End PBXGroup section */

/* Begin PBXNativeTarget section */
		F03DE6471E1E23520022C68C /* oneTTT */ = {
			isa = PBXNativeTarget;
			buildConfigurationList = F03DE65F1E1E23520022C68C /* Build configuration list for PBXNativeTarget "oneTTT" */;
			buildPhases = (
				F03DE6441E1E23520022C68C /* Sources */,
				F03DE6451E1E23520022C68C /* Frameworks */,
				F03DE6461E1E23520022C68C /* Resources */,
			);
			buildRules = (
			);
			dependencies = (
			);
			name = oneTTT;
			productName = oneTTT;
			productReference = F03DE6481E1E23520022C68C /* oneTTT.app */;
			productType = "com.apple.product-type.application";
		};
/* End PBXNativeTarget section */

/* Begin PBXProject section */
		F03DE6401E1E23520022C68C /* Project object */ = {
			isa = PBXProject;
			attributes = {
				LastUpgradeCheck = 0730;
				ORGANIZATIONNAME = Moxian_X;
				TargetAttributes = {
					F03DE6471E1E23520022C68C = {
						CreatedOnToolsVersion = 7.3.1;
					};
				};
			};
			buildConfigurationList = F03DE6431E1E23520022C68C /* Build configuration list for PBXProject "oneTTT" */;
			compatibilityVersion = "Xcode 3.2";
			developmentRegion = English;
			hasScannedForEncodings = 0;
			knownRegions = (
				en,
				Base,
			);
			mainGroup = F03DE63F1E1E23520022C68C;
			productRefGroup = F03DE6491E1E23520022C68C /* Products */;
			projectDirPath = "";
			projectRoot = "";
			targets = (
				F03DE6471E1E23520022C68C /* oneTTT */,
			);
		};
/* End PBXProject section */

/* Begin PBXResourcesBuildPhase section */
		F03DE6461E1E23520022C68C /* Resources */ = {
			isa = PBXResourcesBuildPhase;
			buildActionMask = 2147483647;
			files = (
				F03DE65B1E1E23520022C68C /* LaunchScreen.storyboard in Resources */,
				F03DE6581E1E23520022C68C /* Assets.xcassets in Resources */,
				F03DE6561E1E23520022C68C /* Main.storyboard in Resources */,
			);
			runOnlyForDeploymentPostprocessing = 0;
		};
/* End PBXResourcesBuildPhase section */

/* Begin PBXSourcesBuildPhase section */
		F03DE6441E1E23520022C68C /* Sources */ = {
			isa = PBXSourcesBuildPhase;
			buildActionMask = 2147483647;
			files = (
				F03DE6531E1E23520022C68C /* ViewController.m in Sources */,
				F03DE6501E1E23520022C68C /* AppDelegate.m in Sources */,
				F03DE64D1E1E23520022C68C /* main.m in Sources */,
			);
			runOnlyForDeploymentPostprocessing = 0;
		};
/* End PBXSourcesBuildPhase section */

/* Begin PBXVariantGroup section */
		F03DE6541E1E23520022C68C /* Main.storyboard */ = {
			isa = PBXVariantGroup;
			children = (
				F03DE6551E1E23520022C68C /* Base */,
			);
			name = Main.storyboard;
			sourceTree = "<group>";
		};
		F03DE6591E1E23520022C68C /* LaunchScreen.storyboard */ = {
			isa = PBXVariantGroup;
			children = (
				F03DE65A1E1E23520022C68C /* Base */,
			);
			name = LaunchScreen.storyboard;
			sourceTree = "<group>";
		};
/* End PBXVariantGroup section */

/* Begin XCBuildConfiguration section */
		F03DE65D1E1E23520022C68C /* Debug */ = {
			isa = XCBuildConfiguration;
			buildSettings = {
				ALWAYS_SEARCH_USER_PATHS = NO;
				CLANG_ANALYZER_NONNULL = YES;
				CLANG_CXX_LANGUAGE_STANDARD = "gnu++0x";
				CLANG_CXX_LIBRARY = "libc++";
				CLANG_ENABLE_MODULES = YES;
				CLANG_ENABLE_OBJC_ARC = YES;
				CLANG_WARN_BOOL_CONVERSION = YES;
				CLANG_WARN_CONSTANT_CONVERSION = YES;
				CLANG_WARN_DIRECT_OBJC_ISA_USAGE = YES_ERROR;
				CLANG_WARN_EMPTY_BODY = YES;
				CLANG_WARN_ENUM_CONVERSION = YES;
				CLANG_WARN_INT_CONVERSION = YES;
				CLANG_WARN_OBJC_ROOT_CLASS = YES_ERROR;
				CLANG_WARN_UNREACHABLE_CODE = YES;
				CLANG_WARN__DUPLICATE_METHOD_MATCH = YES;
				"CODE_SIGN_IDENTITY[sdk=iphoneos*]" = "iPhone Developer";
				COPY_PHASE_STRIP = NO;
				DEBUG_INFORMATION_FORMAT = dwarf;
				ENABLE_STRICT_OBJC_MSGSEND = YES;
				ENABLE_TESTABILITY = YES;
				GCC_C_LANGUAGE_STANDARD = gnu99;
				GCC_DYNAMIC_NO_PIC = NO;
				GCC_NO_COMMON_BLOCKS = YES;
				GCC_OPTIMIZATION_LEVEL = 0;
				GCC_PREPROCESSOR_DEFINITIONS = (
					"DEBUG=1",
					"$(inherited)",
				);
				GCC_WARN_64_TO_32_BIT_CONVERSION = YES;
				GCC_WARN_ABOUT_RETURN_TYPE = YES_ERROR;
				GCC_WARN_UNDECLARED_SELECTOR = YES;
				GCC_WARN_UNINITIALIZED_AUTOS = YES_AGGRESSIVE;
				GCC_WARN_UNUSED_FUNCTION = YES;
				GCC_WARN_UNUSED_VARIABLE = YES;
				IPHONEOS_DEPLOYMENT_TARGET = 9.3;
				MTL_ENABLE_DEBUG_INFO = YES;
				ONLY_ACTIVE_ARCH = YES;
				SDKROOT = iphoneos;
			};
			name = Debug;
		};
		F03DE65E1E1E23520022C68C /* Release */ = {
			isa = XCBuildConfiguration;
			buildSettings = {
				ALWAYS_SEARCH_USER_PATHS = NO;
				CLANG_ANALYZER_NONNULL = YES;
				CLANG_CXX_LANGUAGE_STANDARD = "gnu++0x";
				CLANG_CXX_LIBRARY = "libc++";
				CLANG_ENABLE_MODULES = YES;
				CLANG_ENABLE_OBJC_ARC = YES;
				CLANG_WARN_BOOL_CONVERSION = YES;
				CLANG_WARN_CONSTANT_CONVERSION = YES;
				CLANG_WARN_DIRECT_OBJC_ISA_USAGE = YES_ERROR;
				CLANG_WARN_EMPTY_BODY = YES;
				CLANG_WARN_ENUM_CONVERSION = YES;
				CLANG_WARN_INT_CONVERSION = YES;
				CLANG_WARN_OBJC_ROOT_CLASS = YES_ERROR;
				CLANG_WARN_UNREACHABLE_CODE = YES;
				CLANG_WARN__DUPLICATE_METHOD_MATCH = YES;
				"CODE_SIGN_IDENTITY[sdk=iphoneos*]" = "iPhone Developer";
				COPY_PHASE_STRIP = NO;
				DEBUG_INFORMATION_FORMAT = "dwarf-with-dsym";
				ENABLE_NS_ASSERTIONS = NO;
				ENABLE_STRICT_OBJC_MSGSEND = YES;
				GCC_C_LANGUAGE_STANDARD = gnu99;
				GCC_NO_COMMON_BLOCKS = YES;
				GCC_WARN_64_TO_32_BIT_CONVERSION = YES;
				GCC_WARN_ABOUT_RETURN_TYPE = YES_ERROR;
				GCC_WARN_UNDECLARED_SELECTOR = YES;
				GCC_WARN_UNINITIALIZED_AUTOS = YES_AGGRESSIVE;
				GCC_WARN_UNUSED_FUNCTION = YES;
				GCC_WARN_UNUSED_VARIABLE = YES;
				IPHONEOS_DEPLOYMENT_TARGET = 9.3;
				MTL_ENABLE_DEBUG_INFO = NO;
				SDKROOT = iphoneos;
				VALIDATE_PRODUCT = YES;
			};
			name = Release;
		};
		F03DE6601E1E23520022C68C /* Debug */ = {
			isa = XCBuildConfiguration;
			buildSettings = {
				ASSETCATALOG_COMPILER_APPICON_NAME = AppIcon;
				INFOPLIST_FILE = oneTTT/Info.plist;
				LD_RUNPATH_SEARCH_PATHS = "$(inherited) @executable_path/Frameworks";
				PRODUCT_BUNDLE_IDENTIFIER = com.moxian.mopal.group.oneTTT;
				PRODUCT_NAME = "$(TARGET_NAME)";
			};
			name = Debug;
		};
		F03DE6611E1E23520022C68C /* Release */ = {
			isa = XCBuildConfiguration;
			buildSettings = {
				ASSETCATALOG_COMPILER_APPICON_NAME = AppIcon;
				INFOPLIST_FILE = oneTTT/Info.plist;
				LD_RUNPATH_SEARCH_PATHS = "$(inherited) @executable_path/Frameworks";
				PRODUCT_BUNDLE_IDENTIFIER = com.moxian.mopal.group.oneTTT;
				PRODUCT_NAME = "$(TARGET_NAME)";
			};
			name = Release;
		};
/* End XCBuildConfiguration section */

/* Begin XCConfigurationList section */
		F03DE6431E1E23520022C68C /* Build configuration list for PBXProject "oneTTT" */ = {
			isa = XCConfigurationList;
			buildConfigurations = (
				F03DE65D1E1E23520022C68C /* Debug */,
				F03DE65E1E1E23520022C68C /* Release */,
			);
			defaultConfigurationIsVisible = 0;
			defaultConfigurationName = Release;
		};
		F03DE65F1E1E23520022C68C /* Build configuration list for PBXNativeTarget "oneTTT" */ = {
			isa = XCConfigurationList;
			buildConfigurations = (
				F03DE6601E1E23520022C68C /* Debug */,
				F03DE6611E1E23520022C68C /* Release */,
			);
			defaultConfigurationIsVisible = 0;
		};
/* End XCConfigurationList section */
	};
	rootObject = F03DE6401E1E23520022C68C /* Project object */;
}
